// !$*UTF8*$!
{
	archiveVersion = 1;
	classes = {
	};
	objectVersion = 56;
	objects = {

/* Begin PBXBuildFile section */
		C116F8362B43491900E5C19E /* Game.swift in Sources */ = {isa = PBXBuildFile; fileRef = C116F8352B43491900E5C19E /* Game.swift */; };
		C116F83A2B434A3A00E5C19E /* CoverArtCollectionViewCell.swift in Sources */ = {isa = PBXBuildFile; fileRef = C116F8392B434A3A00E5C19E /* CoverArtCollectionViewCell.swift */; };
		C14597382B444235003D0262 /* APIKeys.swift in Sources */ = {isa = PBXBuildFile; fileRef = C14597372B444235003D0262 /* APIKeys.swift */; };
		C145973A2B444253003D0262 /* APIManager.swift in Sources */ = {isa = PBXBuildFile; fileRef = C14597392B444253003D0262 /* APIManager.swift */; };
		C145973E2B45DD51003D0262 /* GameDetailsVC.swift in Sources */ = {isa = PBXBuildFile; fileRef = C145973D2B45DD50003D0262 /* GameDetailsVC.swift */; };
		C14597402B4620BB003D0262 /* Screenshot.swift in Sources */ = {isa = PBXBuildFile; fileRef = C145973F2B4620BB003D0262 /* Screenshot.swift */; };
		C14597422B462205003D0262 /* ScreenshotsCollectionViewCell.swift in Sources */ = {isa = PBXBuildFile; fileRef = C14597412B462205003D0262 /* ScreenshotsCollectionViewCell.swift */; };
		C14597442B4DDA6E003D0262 /* SearchTabTableViewCell.swift in Sources */ = {isa = PBXBuildFile; fileRef = C14597432B4DDA6D003D0262 /* SearchTabTableViewCell.swift */; };
		C14597462B4DE0D7003D0262 /* SearchResultsVC.swift in Sources */ = {isa = PBXBuildFile; fileRef = C14597452B4DE0D7003D0262 /* SearchResultsVC.swift */; };
		C145974A2B503F13003D0262 /* Model.xcdatamodeld in Sources */ = {isa = PBXBuildFile; fileRef = C14597482B503F13003D0262 /* Model.xcdatamodeld */; };
		C145974D2B5045A7003D0262 /* FavouriteGameManager.swift in Sources */ = {isa = PBXBuildFile; fileRef = C145974C2B5045A7003D0262 /* FavouriteGameManager.swift */; };
		C19141062B41A2C5009BD99E /* AppDelegate.swift in Sources */ = {isa = PBXBuildFile; fileRef = C19141052B41A2C5009BD99E /* AppDelegate.swift */; };
		C19141082B41A2C5009BD99E /* SceneDelegate.swift in Sources */ = {isa = PBXBuildFile; fileRef = C19141072B41A2C5009BD99E /* SceneDelegate.swift */; };
		C191410A2B41A2C5009BD99E /* TabBarVC.swift in Sources */ = {isa = PBXBuildFile; fileRef = C19141092B41A2C5009BD99E /* TabBarVC.swift */; };
		C191410F2B41A2C7009BD99E /* Assets.xcassets in Resources */ = {isa = PBXBuildFile; fileRef = C191410E2B41A2C7009BD99E /* Assets.xcassets */; };
		C19141122B41A2C7009BD99E /* LaunchScreen.storyboard in Resources */ = {isa = PBXBuildFile; fileRef = C19141102B41A2C7009BD99E /* LaunchScreen.storyboard */; };
		C191411B2B41A4C3009BD99E /* HomeVC.swift in Sources */ = {isa = PBXBuildFile; fileRef = C191411A2B41A4C3009BD99E /* HomeVC.swift */; };
		C191411D2B41A512009BD99E /* SearchVC.swift in Sources */ = {isa = PBXBuildFile; fileRef = C191411C2B41A512009BD99E /* SearchVC.swift */; };
		C191411F2B41A529009BD99E /* ProfileVC.swift in Sources */ = {isa = PBXBuildFile; fileRef = C191411E2B41A529009BD99E /* ProfileVC.swift */; };
		C1A1AAAC2B50496D00A7EB0E /* FavouriteGames+CoreDataClass.swift in Sources */ = {isa = PBXBuildFile; fileRef = C1A1AAAA2B50496C00A7EB0E /* FavouriteGames+CoreDataClass.swift */; };
		C1A1AAAD2B50496D00A7EB0E /* FavouriteGames+CoreDataProperties.swift in Sources */ = {isa = PBXBuildFile; fileRef = C1A1AAAB2B50496C00A7EB0E /* FavouriteGames+CoreDataProperties.swift */; };
		C1A1AAB32B518A7F00A7EB0E /* String+Extensions.swift in Sources */ = {isa = PBXBuildFile; fileRef = C1A1AAB22B518A7E00A7EB0E /* String+Extensions.swift */; };
		C1DA92312B582D670043C262 /* GameDetailsVM.swift in Sources */ = {isa = PBXBuildFile; fileRef = C1DA92302B582D670043C262 /* GameDetailsVM.swift */; };
		C1DA92332B5AF6E80043C262 /* IGDBNetworkHelper.swift in Sources */ = {isa = PBXBuildFile; fileRef = C1DA92322B5AF6E80043C262 /* IGDBNetworkHelper.swift */; };
		C1DA92352B5B05DE0043C262 /* NetworkManager.swift in Sources */ = {isa = PBXBuildFile; fileRef = C1DA92342B5B05DD0043C262 /* NetworkManager.swift */; };
		C1DA92382B5B0A160043C262 /* GameDetailsManager.swift in Sources */ = {isa = PBXBuildFile; fileRef = C1DA92372B5B0A160043C262 /* GameDetailsManager.swift */; };
		C1DA923C2B5B11020043C262 /* ScreenshotManager.swift in Sources */ = {isa = PBXBuildFile; fileRef = C1DA923B2B5B11020043C262 /* ScreenshotManager.swift */; };
		C1DA923E2B5C38DE0043C262 /* SearchVM.swift in Sources */ = {isa = PBXBuildFile; fileRef = C1DA923D2B5C38DE0043C262 /* SearchVM.swift */; };
		C1DA92412B5C4B5F0043C262 /* SearchResultsVM.swift in Sources */ = {isa = PBXBuildFile; fileRef = C1DA92402B5C4B5F0043C262 /* SearchResultsVM.swift */; };
		C1DA92432B5C671D0043C262 /* ProfileVM.swift in Sources */ = {isa = PBXBuildFile; fileRef = C1DA92422B5C671D0043C262 /* ProfileVM.swift */; };
		C1DA924B2B606E7A0043C262 /* GameVideoManager.swift in Sources */ = {isa = PBXBuildFile; fileRef = C1DA924A2B606E7A0043C262 /* GameVideoManager.swift */; };
		C1DF2EC72B6145F90056BBD1 /* PlatformCollectionViewCell.swift in Sources */ = {isa = PBXBuildFile; fileRef = C1DF2EC62B6145F90056BBD1 /* PlatformCollectionViewCell.swift */; };
		C1E649D92B56D51B00A46D6E /* HomeViewModel.swift in Sources */ = {isa = PBXBuildFile; fileRef = C1E649D82B56D51B00A46D6E /* HomeViewModel.swift */; };
		C1E649DB2B57316100A46D6E /* GameService.swift in Sources */ = {isa = PBXBuildFile; fileRef = C1E649DA2B57316100A46D6E /* GameService.swift */; };
		DA1AABDBCE209235742A65B1 /* Pods_GameListingApp.framework in Frameworks */ = {isa = PBXBuildFile; fileRef = 2F21283FD84C6C55AF584A8F /* Pods_GameListingApp.framework */; };
/* End PBXBuildFile section */

/* Begin PBXFileReference section */
		2F21283FD84C6C55AF584A8F /* Pods_GameListingApp.framework */ = {isa = PBXFileReference; explicitFileType = wrapper.framework; includeInIndex = 0; path = Pods_GameListingApp.framework; sourceTree = BUILT_PRODUCTS_DIR; };
		3104C20B98B5906B763E1008 /* Pods-GameListingApp.debug.xcconfig */ = {isa = PBXFileReference; includeInIndex = 1; lastKnownFileType = text.xcconfig; name = "Pods-GameListingApp.debug.xcconfig"; path = "Target Support Files/Pods-GameListingApp/Pods-GameListingApp.debug.xcconfig"; sourceTree = "<group>"; };
		5F600FEF3073B23649FF9DE2 /* Pods-GameListingApp.release.xcconfig */ = {isa = PBXFileReference; includeInIndex = 1; lastKnownFileType = text.xcconfig; name = "Pods-GameListingApp.release.xcconfig"; path = "Target Support Files/Pods-GameListingApp/Pods-GameListingApp.release.xcconfig"; sourceTree = "<group>"; };
		C116F8352B43491900E5C19E /* Game.swift */ = {isa = PBXFileReference; lastKnownFileType = sourcecode.swift; path = Game.swift; sourceTree = "<group>"; };
		C116F8392B434A3A00E5C19E /* CoverArtCollectionViewCell.swift */ = {isa = PBXFileReference; lastKnownFileType = sourcecode.swift; path = CoverArtCollectionViewCell.swift; sourceTree = "<group>"; };
		C14597372B444235003D0262 /* APIKeys.swift */ = {isa = PBXFileReference; lastKnownFileType = sourcecode.swift; path = APIKeys.swift; sourceTree = "<group>"; };
		C14597392B444253003D0262 /* APIManager.swift */ = {isa = PBXFileReference; lastKnownFileType = sourcecode.swift; path = APIManager.swift; sourceTree = "<group>"; };
		C145973D2B45DD50003D0262 /* GameDetailsVC.swift */ = {isa = PBXFileReference; lastKnownFileType = sourcecode.swift; path = GameDetailsVC.swift; sourceTree = "<group>"; };
		C145973F2B4620BB003D0262 /* Screenshot.swift */ = {isa = PBXFileReference; lastKnownFileType = sourcecode.swift; path = Screenshot.swift; sourceTree = "<group>"; };
		C14597412B462205003D0262 /* ScreenshotsCollectionViewCell.swift */ = {isa = PBXFileReference; lastKnownFileType = sourcecode.swift; path = ScreenshotsCollectionViewCell.swift; sourceTree = "<group>"; };
		C14597432B4DDA6D003D0262 /* SearchTabTableViewCell.swift */ = {isa = PBXFileReference; lastKnownFileType = sourcecode.swift; path = SearchTabTableViewCell.swift; sourceTree = "<group>"; };
		C14597452B4DE0D7003D0262 /* SearchResultsVC.swift */ = {isa = PBXFileReference; lastKnownFileType = sourcecode.swift; path = SearchResultsVC.swift; sourceTree = "<group>"; };
		C14597492B503F13003D0262 /* Model.xcdatamodel */ = {isa = PBXFileReference; lastKnownFileType = wrapper.xcdatamodel; path = Model.xcdatamodel; sourceTree = "<group>"; };
		C145974C2B5045A7003D0262 /* FavouriteGameManager.swift */ = {isa = PBXFileReference; lastKnownFileType = sourcecode.swift; path = FavouriteGameManager.swift; sourceTree = "<group>"; };
		C19141022B41A2C5009BD99E /* GameListingApp.app */ = {isa = PBXFileReference; explicitFileType = wrapper.application; includeInIndex = 0; path = GameListingApp.app; sourceTree = BUILT_PRODUCTS_DIR; };
		C19141052B41A2C5009BD99E /* AppDelegate.swift */ = {isa = PBXFileReference; lastKnownFileType = sourcecode.swift; path = AppDelegate.swift; sourceTree = "<group>"; };
		C19141072B41A2C5009BD99E /* SceneDelegate.swift */ = {isa = PBXFileReference; lastKnownFileType = sourcecode.swift; path = SceneDelegate.swift; sourceTree = "<group>"; };
		C19141092B41A2C5009BD99E /* TabBarVC.swift */ = {isa = PBXFileReference; lastKnownFileType = sourcecode.swift; path = TabBarVC.swift; sourceTree = "<group>"; };
		C191410E2B41A2C7009BD99E /* Assets.xcassets */ = {isa = PBXFileReference; lastKnownFileType = folder.assetcatalog; path = Assets.xcassets; sourceTree = "<group>"; };
		C19141112B41A2C7009BD99E /* Base */ = {isa = PBXFileReference; lastKnownFileType = file.storyboard; name = Base; path = Base.lproj/LaunchScreen.storyboard; sourceTree = "<group>"; };
		C19141132B41A2C7009BD99E /* Info.plist */ = {isa = PBXFileReference; lastKnownFileType = text.plist.xml; path = Info.plist; sourceTree = "<group>"; };
		C191411A2B41A4C3009BD99E /* HomeVC.swift */ = {isa = PBXFileReference; lastKnownFileType = sourcecode.swift; path = HomeVC.swift; sourceTree = "<group>"; };
		C191411C2B41A512009BD99E /* SearchVC.swift */ = {isa = PBXFileReference; lastKnownFileType = sourcecode.swift; path = SearchVC.swift; sourceTree = "<group>"; };
		C191411E2B41A529009BD99E /* ProfileVC.swift */ = {isa = PBXFileReference; lastKnownFileType = sourcecode.swift; path = ProfileVC.swift; sourceTree = "<group>"; };
		C1A1AAAA2B50496C00A7EB0E /* FavouriteGames+CoreDataClass.swift */ = {isa = PBXFileReference; lastKnownFileType = sourcecode.swift; name = "FavouriteGames+CoreDataClass.swift"; path = "/Users/yigithansonmez/Desktop/Projects/Swift/GameListingApp/GameListingApp/SaveData/FavouriteGames+CoreDataClass.swift"; sourceTree = "<absolute>"; };
		C1A1AAAB2B50496C00A7EB0E /* FavouriteGames+CoreDataProperties.swift */ = {isa = PBXFileReference; lastKnownFileType = sourcecode.swift; name = "FavouriteGames+CoreDataProperties.swift"; path = "/Users/yigithansonmez/Desktop/Projects/Swift/GameListingApp/GameListingApp/SaveData/FavouriteGames+CoreDataProperties.swift"; sourceTree = "<absolute>"; };
		C1A1AAB22B518A7E00A7EB0E /* String+Extensions.swift */ = {isa = PBXFileReference; lastKnownFileType = sourcecode.swift; path = "String+Extensions.swift"; sourceTree = "<group>"; };
		C1DA92302B582D670043C262 /* GameDetailsVM.swift */ = {isa = PBXFileReference; lastKnownFileType = sourcecode.swift; path = GameDetailsVM.swift; sourceTree = "<group>"; };
		C1DA92322B5AF6E80043C262 /* IGDBNetworkHelper.swift */ = {isa = PBXFileReference; lastKnownFileType = sourcecode.swift; path = IGDBNetworkHelper.swift; sourceTree = "<group>"; };
		C1DA92342B5B05DD0043C262 /* NetworkManager.swift */ = {isa = PBXFileReference; lastKnownFileType = sourcecode.swift; path = NetworkManager.swift; sourceTree = "<group>"; };
		C1DA92372B5B0A160043C262 /* GameDetailsManager.swift */ = {isa = PBXFileReference; lastKnownFileType = sourcecode.swift; path = GameDetailsManager.swift; sourceTree = "<group>"; };
		C1DA923B2B5B11020043C262 /* ScreenshotManager.swift */ = {isa = PBXFileReference; lastKnownFileType = sourcecode.swift; path = ScreenshotManager.swift; sourceTree = "<group>"; };
		C1DA923D2B5C38DE0043C262 /* SearchVM.swift */ = {isa = PBXFileReference; lastKnownFileType = sourcecode.swift; path = SearchVM.swift; sourceTree = "<group>"; };
		C1DA92402B5C4B5F0043C262 /* SearchResultsVM.swift */ = {isa = PBXFileReference; lastKnownFileType = sourcecode.swift; path = SearchResultsVM.swift; sourceTree = "<group>"; };
		C1DA92422B5C671D0043C262 /* ProfileVM.swift */ = {isa = PBXFileReference; lastKnownFileType = sourcecode.swift; path = ProfileVM.swift; sourceTree = "<group>"; };
		C1DA924A2B606E7A0043C262 /* GameVideoManager.swift */ = {isa = PBXFileReference; lastKnownFileType = sourcecode.swift; path = GameVideoManager.swift; sourceTree = "<group>"; };
		C1DF2EC62B6145F90056BBD1 /* PlatformCollectionViewCell.swift */ = {isa = PBXFileReference; lastKnownFileType = sourcecode.swift; path = PlatformCollectionViewCell.swift; sourceTree = "<group>"; };
		C1E649D82B56D51B00A46D6E /* HomeViewModel.swift */ = {isa = PBXFileReference; lastKnownFileType = sourcecode.swift; path = HomeViewModel.swift; sourceTree = "<group>"; };
		C1E649DA2B57316100A46D6E /* GameService.swift */ = {isa = PBXFileReference; lastKnownFileType = sourcecode.swift; path = GameService.swift; sourceTree = "<group>"; };
/* End PBXFileReference section */

/* Begin PBXFrameworksBuildPhase section */
		C19140FF2B41A2C5009BD99E /* Frameworks */ = {
			isa = PBXFrameworksBuildPhase;
			buildActionMask = 2147483647;
			files = (
				DA1AABDBCE209235742A65B1 /* Pods_GameListingApp.framework in Frameworks */,
			);
			runOnlyForDeploymentPostprocessing = 0;
		};
/* End PBXFrameworksBuildPhase section */

/* Begin PBXGroup section */
		107E2CB04AD6B423B554402D /* Frameworks */ = {
			isa = PBXGroup;
			children = (
				2F21283FD84C6C55AF584A8F /* Pods_GameListingApp.framework */,
			);
			name = Frameworks;
			sourceTree = "<group>";
		};
		C116F8342B43490C00E5C19E /* Models */ = {
			isa = PBXGroup;
			children = (
				C116F8352B43491900E5C19E /* Game.swift */,
				C145973F2B4620BB003D0262 /* Screenshot.swift */,
			);
			path = Models;
			sourceTree = "<group>";
		};
		C116F8372B43493600E5C19E /* Helper */ = {
			isa = PBXGroup;
			children = (
				C19141052B41A2C5009BD99E /* AppDelegate.swift */,
				C19141072B41A2C5009BD99E /* SceneDelegate.swift */,
				C191410E2B41A2C7009BD99E /* Assets.xcassets */,
				C19141102B41A2C7009BD99E /* LaunchScreen.storyboard */,
				C19141132B41A2C7009BD99E /* Info.plist */,
			);
			name = Helper;
			sourceTree = "<group>";
		};
		C116F8382B434A0E00E5C19E /* Screens */ = {
			isa = PBXGroup;
			children = (
				C14EE9152B55F113008E4888 /* TabBar */,
				C14EE9162B55F152008E4888 /* Home */,
				C1A1AAB12B5094EE00A7EB0E /* Profile */,
				C14EE9182B55F165008E4888 /* GameDetails */,
				C14EE9172B55F156008E4888 /* Search */,
				C14597412B462205003D0262 /* ScreenshotsCollectionViewCell.swift */,
			);
			path = Screens;
			sourceTree = "<group>";
		};
		C14597362B44421D003D0262 /* Network */ = {
			isa = PBXGroup;
			children = (
				C1DA92392B5B0D290043C262 /* Core */,
				C1DA92362B5B09140043C262 /* Game */,
				C1DA923A2B5B10E50043C262 /* Screenshot */,
				C14597372B444235003D0262 /* APIKeys.swift */,
				C14597392B444253003D0262 /* APIManager.swift */,
				C1E649DA2B57316100A46D6E /* GameService.swift */,
			);
			path = Network;
			sourceTree = "<group>";
		};
		C14597472B4F451F003D0262 /* Extensions */ = {
			isa = PBXGroup;
			children = (
				C1A1AAB22B518A7E00A7EB0E /* String+Extensions.swift */,
			);
			path = Extensions;
			sourceTree = "<group>";
		};
		C145974B2B504594003D0262 /* SaveData */ = {
			isa = PBXGroup;
			children = (
				C1A1AAAE2B5049BF00A7EB0E /* FavouriteGames */,
				C145974C2B5045A7003D0262 /* FavouriteGameManager.swift */,
				C14597482B503F13003D0262 /* Model.xcdatamodeld */,
			);
			path = SaveData;
			sourceTree = "<group>";
		};
		C14EE9152B55F113008E4888 /* TabBar */ = {
			isa = PBXGroup;
			children = (
				C19141092B41A2C5009BD99E /* TabBarVC.swift */,
			);
			path = TabBar;
			sourceTree = "<group>";
		};
		C14EE9162B55F152008E4888 /* Home */ = {
			isa = PBXGroup;
			children = (
				C1DA922F2B581A110043C262 /* CustomCell */,
				C191411A2B41A4C3009BD99E /* HomeVC.swift */,
				C1E649D82B56D51B00A46D6E /* HomeViewModel.swift */,
			);
			path = Home;
			sourceTree = "<group>";
		};
		C14EE9172B55F156008E4888 /* Search */ = {
			isa = PBXGroup;
			children = (
				C1DA923F2B5C4A030043C262 /* SearchResults */,
				C191411C2B41A512009BD99E /* SearchVC.swift */,
				C1DA923D2B5C38DE0043C262 /* SearchVM.swift */,
			);
			path = Search;
			sourceTree = "<group>";
		};
		C14EE9182B55F165008E4888 /* GameDetails */ = {
			isa = PBXGroup;
			children = (
				C145973D2B45DD50003D0262 /* GameDetailsVC.swift */,
				C1DA92302B582D670043C262 /* GameDetailsVM.swift */,
				C1DF2EC62B6145F90056BBD1 /* PlatformCollectionViewCell.swift */,
			);
			path = GameDetails;
			sourceTree = "<group>";
		};
		C19140F92B41A2C5009BD99E = {
			isa = PBXGroup;
			children = (
				C19141042B41A2C5009BD99E /* GameListingApp */,
				C19141032B41A2C5009BD99E /* Products */,
				ECE1DC773D774C75453A0793 /* Pods */,
				107E2CB04AD6B423B554402D /* Frameworks */,
			);
			sourceTree = "<group>";
		};
		C19141032B41A2C5009BD99E /* Products */ = {
			isa = PBXGroup;
			children = (
				C19141022B41A2C5009BD99E /* GameListingApp.app */,
			);
			name = Products;
			sourceTree = "<group>";
		};
		C19141042B41A2C5009BD99E /* GameListingApp */ = {
			isa = PBXGroup;
			children = (
				C145974B2B504594003D0262 /* SaveData */,
				C14597472B4F451F003D0262 /* Extensions */,
				C116F8342B43490C00E5C19E /* Models */,
				C116F8382B434A0E00E5C19E /* Screens */,
				C14597362B44421D003D0262 /* Network */,
				C116F8372B43493600E5C19E /* Helper */,
			);
			path = GameListingApp;
			sourceTree = "<group>";
		};
		C1A1AAAE2B5049BF00A7EB0E /* FavouriteGames */ = {
			isa = PBXGroup;
			children = (
				C1A1AAAA2B50496C00A7EB0E /* FavouriteGames+CoreDataClass.swift */,
				C1A1AAAB2B50496C00A7EB0E /* FavouriteGames+CoreDataProperties.swift */,
			);
			path = FavouriteGames;
			sourceTree = "<group>";
		};
		C1A1AAB12B5094EE00A7EB0E /* Profile */ = {
			isa = PBXGroup;
			children = (
				C191411E2B41A529009BD99E /* ProfileVC.swift */,
				C1DA92422B5C671D0043C262 /* ProfileVM.swift */,
			);
			path = Profile;
			sourceTree = "<group>";
		};
		C1DA922F2B581A110043C262 /* CustomCell */ = {
			isa = PBXGroup;
			children = (
				C116F8392B434A3A00E5C19E /* CoverArtCollectionViewCell.swift */,
			);
			path = CustomCell;
			sourceTree = "<group>";
		};
		C1DA92362B5B09140043C262 /* Game */ = {
			isa = PBXGroup;
			children = (
				C1DA92372B5B0A160043C262 /* GameDetailsManager.swift */,
				C1DA924A2B606E7A0043C262 /* GameVideoManager.swift */,
			);
			path = Game;
			sourceTree = "<group>";
		};
		C1DA92392B5B0D290043C262 /* Core */ = {
			isa = PBXGroup;
			children = (
				C1DA92342B5B05DD0043C262 /* NetworkManager.swift */,
				C1DA92322B5AF6E80043C262 /* IGDBNetworkHelper.swift */,
			);
			path = Core;
			sourceTree = "<group>";
		};
		C1DA923A2B5B10E50043C262 /* Screenshot */ = {
			isa = PBXGroup;
			children = (
				C1DA923B2B5B11020043C262 /* ScreenshotManager.swift */,
			);
			path = Screenshot;
			sourceTree = "<group>";
		};
		C1DA923F2B5C4A030043C262 /* SearchResults */ = {
			isa = PBXGroup;
			children = (
				C14597452B4DE0D7003D0262 /* SearchResultsVC.swift */,
				C1DA92402B5C4B5F0043C262 /* SearchResultsVM.swift */,
				C14597432B4DDA6D003D0262 /* SearchTabTableViewCell.swift */,
			);
			path = SearchResults;
			sourceTree = "<group>";
		};
		ECE1DC773D774C75453A0793 /* Pods */ = {
			isa = PBXGroup;
			children = (
				3104C20B98B5906B763E1008 /* Pods-GameListingApp.debug.xcconfig */,
				5F600FEF3073B23649FF9DE2 /* Pods-GameListingApp.release.xcconfig */,
			);
			path = Pods;
			sourceTree = "<group>";
		};
/* End PBXGroup section */

/* Begin PBXNativeTarget section */
		C19141012B41A2C5009BD99E /* GameListingApp */ = {
			isa = PBXNativeTarget;
			buildConfigurationList = C19141162B41A2C7009BD99E /* Build configuration list for PBXNativeTarget "GameListingApp" */;
			buildPhases = (
				4FAB1353726D595952A63CA8 /* [CP] Check Pods Manifest.lock */,
				C19140FE2B41A2C5009BD99E /* Sources */,
				C19140FF2B41A2C5009BD99E /* Frameworks */,
				C19141002B41A2C5009BD99E /* Resources */,
				3F50F5326AA3269999AED71D /* [CP] Embed Pods Frameworks */,
			);
			buildRules = (
			);
			dependencies = (
			);
			name = GameListingApp;
			productName = GameListingApp;
			productReference = C19141022B41A2C5009BD99E /* GameListingApp.app */;
			productType = "com.apple.product-type.application";
		};
/* End PBXNativeTarget section */

/* Begin PBXProject section */
		C19140FA2B41A2C5009BD99E /* Project object */ = {
			isa = PBXProject;
			attributes = {
				BuildIndependentTargetsInParallel = 1;
				LastSwiftUpdateCheck = 1510;
				LastUpgradeCheck = 1510;
				TargetAttributes = {
					C19141012B41A2C5009BD99E = {
						CreatedOnToolsVersion = 15.1;
					};
				};
			};
			buildConfigurationList = C19140FD2B41A2C5009BD99E /* Build configuration list for PBXProject "GameListingApp" */;
			compatibilityVersion = "Xcode 14.0";
			developmentRegion = en;
			hasScannedForEncodings = 0;
			knownRegions = (
				en,
				Base,
			);
			mainGroup = C19140F92B41A2C5009BD99E;
			productRefGroup = C19141032B41A2C5009BD99E /* Products */;
			projectDirPath = "";
			projectRoot = "";
			targets = (
				C19141012B41A2C5009BD99E /* GameListingApp */,
			);
		};
/* End PBXProject section */

/* Begin PBXResourcesBuildPhase section */
		C19141002B41A2C5009BD99E /* Resources */ = {
			isa = PBXResourcesBuildPhase;
			buildActionMask = 2147483647;
			files = (
				C19141122B41A2C7009BD99E /* LaunchScreen.storyboard in Resources */,
				C191410F2B41A2C7009BD99E /* Assets.xcassets in Resources */,
			);
			runOnlyForDeploymentPostprocessing = 0;
		};
/* End PBXResourcesBuildPhase section */

/* Begin PBXShellScriptBuildPhase section */
		3F50F5326AA3269999AED71D /* [CP] Embed Pods Frameworks */ = {
			isa = PBXShellScriptBuildPhase;
			buildActionMask = 2147483647;
			files = (
			);
			inputFileListPaths = (
				"${PODS_ROOT}/Target Support Files/Pods-GameListingApp/Pods-GameListingApp-frameworks-${CONFIGURATION}-input-files.xcfilelist",
			);
			name = "[CP] Embed Pods Frameworks";
			outputFileListPaths = (
				"${PODS_ROOT}/Target Support Files/Pods-GameListingApp/Pods-GameListingApp-frameworks-${CONFIGURATION}-output-files.xcfilelist",
			);
			runOnlyForDeploymentPostprocessing = 0;
			shellPath = /bin/sh;
			shellScript = "\"${PODS_ROOT}/Target Support Files/Pods-GameListingApp/Pods-GameListingApp-frameworks.sh\"\n";
			showEnvVarsInLog = 0;
		};
		4FAB1353726D595952A63CA8 /* [CP] Check Pods Manifest.lock */ = {
			isa = PBXShellScriptBuildPhase;
			buildActionMask = 2147483647;
			files = (
			);
			inputFileListPaths = (
			);
			inputPaths = (
				"${PODS_PODFILE_DIR_PATH}/Podfile.lock",
				"${PODS_ROOT}/Manifest.lock",
			);
			name = "[CP] Check Pods Manifest.lock";
			outputFileListPaths = (
			);
			outputPaths = (
				"$(DERIVED_FILE_DIR)/Pods-GameListingApp-checkManifestLockResult.txt",
			);
			runOnlyForDeploymentPostprocessing = 0;
			shellPath = /bin/sh;
			shellScript = "diff \"${PODS_PODFILE_DIR_PATH}/Podfile.lock\" \"${PODS_ROOT}/Manifest.lock\" > /dev/null\nif [ $? != 0 ] ; then\n    # print error to STDERR\n    echo \"error: The sandbox is not in sync with the Podfile.lock. Run 'pod install' or update your CocoaPods installation.\" >&2\n    exit 1\nfi\n# This output is used by Xcode 'outputs' to avoid re-running this script phase.\necho \"SUCCESS\" > \"${SCRIPT_OUTPUT_FILE_0}\"\n";
			showEnvVarsInLog = 0;
		};
/* End PBXShellScriptBuildPhase section */

/* Begin PBXSourcesBuildPhase section */
		C19140FE2B41A2C5009BD99E /* Sources */ = {
			isa = PBXSourcesBuildPhase;
			buildActionMask = 2147483647;
			files = (
				C1A1AAB32B518A7F00A7EB0E /* String+Extensions.swift in Sources */,
				C1E649D92B56D51B00A46D6E /* HomeViewModel.swift in Sources */,
				C145973E2B45DD51003D0262 /* GameDetailsVC.swift in Sources */,
				C14597402B4620BB003D0262 /* Screenshot.swift in Sources */,
				C116F83A2B434A3A00E5C19E /* CoverArtCollectionViewCell.swift in Sources */,
				C1DA92312B582D670043C262 /* GameDetailsVM.swift in Sources */,
				C191411F2B41A529009BD99E /* ProfileVC.swift in Sources */,
				C145974D2B5045A7003D0262 /* FavouriteGameManager.swift in Sources */,
				C145973A2B444253003D0262 /* APIManager.swift in Sources */,
				C191410A2B41A2C5009BD99E /* TabBarVC.swift in Sources */,
				C1DA92432B5C671D0043C262 /* ProfileVM.swift in Sources */,
				C14597382B444235003D0262 /* APIKeys.swift in Sources */,
				C1DA92412B5C4B5F0043C262 /* SearchResultsVM.swift in Sources */,
				C14597462B4DE0D7003D0262 /* SearchResultsVC.swift in Sources */,
				C1DF2EC72B6145F90056BBD1 /* PlatformCollectionViewCell.swift in Sources */,
				C1E649DB2B57316100A46D6E /* GameService.swift in Sources */,
				C1A1AAAD2B50496D00A7EB0E /* FavouriteGames+CoreDataProperties.swift in Sources */,
				C116F8362B43491900E5C19E /* Game.swift in Sources */,
				C191411D2B41A512009BD99E /* SearchVC.swift in Sources */,
				C1DA92332B5AF6E80043C262 /* IGDBNetworkHelper.swift in Sources */,
				C14597422B462205003D0262 /* ScreenshotsCollectionViewCell.swift in Sources */,
				C145974A2B503F13003D0262 /* Model.xcdatamodeld in Sources */,
				C19141062B41A2C5009BD99E /* AppDelegate.swift in Sources */,
				C1DA92382B5B0A160043C262 /* GameDetailsManager.swift in Sources */,
				C19141082B41A2C5009BD99E /* SceneDelegate.swift in Sources */,
				C1DA923E2B5C38DE0043C262 /* SearchVM.swift in Sources */,
				C191411B2B41A4C3009BD99E /* HomeVC.swift in Sources */,
				C1DA923C2B5B11020043C262 /* ScreenshotManager.swift in Sources */,
				C1DA92352B5B05DE0043C262 /* NetworkManager.swift in Sources */,
				C1DA924B2B606E7A0043C262 /* GameVideoManager.swift in Sources */,
				C14597442B4DDA6E003D0262 /* SearchTabTableViewCell.swift in Sources */,
				C1A1AAAC2B50496D00A7EB0E /* FavouriteGames+CoreDataClass.swift in Sources */,
			);
			runOnlyForDeploymentPostprocessing = 0;
		};
/* End PBXSourcesBuildPhase section */

/* Begin PBXVariantGroup section */
		C19141102B41A2C7009BD99E /* LaunchScreen.storyboard */ = {
			isa = PBXVariantGroup;
			children = (
				C19141112B41A2C7009BD99E /* Base */,
			);
			name = LaunchScreen.storyboard;
			sourceTree = "<group>";
		};
/* End PBXVariantGroup section */

/* Begin XCBuildConfiguration section */
		C19141142B41A2C7009BD99E /* Debug */ = {
			isa = XCBuildConfiguration;
			buildSettings = {
				ALWAYS_SEARCH_USER_PATHS = NO;
				ASSETCATALOG_COMPILER_GENERATE_SWIFT_ASSET_SYMBOL_EXTENSIONS = YES;
				CLANG_ANALYZER_NONNULL = YES;
				CLANG_ANALYZER_NUMBER_OBJECT_CONVERSION = YES_AGGRESSIVE;
				CLANG_CXX_LANGUAGE_STANDARD = "gnu++20";
				CLANG_ENABLE_MODULES = YES;
				CLANG_ENABLE_OBJC_ARC = YES;
				CLANG_ENABLE_OBJC_WEAK = YES;
				CLANG_WARN_BLOCK_CAPTURE_AUTORELEASING = YES;
				CLANG_WARN_BOOL_CONVERSION = YES;
				CLANG_WARN_COMMA = YES;
				CLANG_WARN_CONSTANT_CONVERSION = YES;
				CLANG_WARN_DEPRECATED_OBJC_IMPLEMENTATIONS = YES;
				CLANG_WARN_DIRECT_OBJC_ISA_USAGE = YES_ERROR;
				CLANG_WARN_DOCUMENTATION_COMMENTS = YES;
				CLANG_WARN_EMPTY_BODY = YES;
				CLANG_WARN_ENUM_CONVERSION = YES;
				CLANG_WARN_INFINITE_RECURSION = YES;
				CLANG_WARN_INT_CONVERSION = YES;
				CLANG_WARN_NON_LITERAL_NULL_CONVERSION = YES;
				CLANG_WARN_OBJC_IMPLICIT_RETAIN_SELF = YES;
				CLANG_WARN_OBJC_LITERAL_CONVERSION = YES;
				CLANG_WARN_OBJC_ROOT_CLASS = YES_ERROR;
				CLANG_WARN_QUOTED_INCLUDE_IN_FRAMEWORK_HEADER = YES;
				CLANG_WARN_RANGE_LOOP_ANALYSIS = YES;
				CLANG_WARN_STRICT_PROTOTYPES = YES;
				CLANG_WARN_SUSPICIOUS_MOVE = YES;
				CLANG_WARN_UNGUARDED_AVAILABILITY = YES_AGGRESSIVE;
				CLANG_WARN_UNREACHABLE_CODE = YES;
				CLANG_WARN__DUPLICATE_METHOD_MATCH = YES;
				COPY_PHASE_STRIP = NO;
				DEBUG_INFORMATION_FORMAT = dwarf;
				ENABLE_STRICT_OBJC_MSGSEND = YES;
				ENABLE_TESTABILITY = YES;
				ENABLE_USER_SCRIPT_SANDBOXING = NO;
				GCC_C_LANGUAGE_STANDARD = gnu17;
				GCC_DYNAMIC_NO_PIC = NO;
				GCC_NO_COMMON_BLOCKS = YES;
				GCC_OPTIMIZATION_LEVEL = 0;
				GCC_PREPROCESSOR_DEFINITIONS = (
					"DEBUG=1",
					"$(inherited)",
				);
				GCC_WARN_64_TO_32_BIT_CONVERSION = YES;
				GCC_WARN_ABOUT_RETURN_TYPE = YES_ERROR;
				GCC_WARN_UNDECLARED_SELECTOR = YES;
				GCC_WARN_UNINITIALIZED_AUTOS = YES_AGGRESSIVE;
				GCC_WARN_UNUSED_FUNCTION = YES;
				GCC_WARN_UNUSED_VARIABLE = YES;
				IPHONEOS_DEPLOYMENT_TARGET = 17.2;
				LOCALIZATION_PREFERS_STRING_CATALOGS = YES;
				MTL_ENABLE_DEBUG_INFO = INCLUDE_SOURCE;
				MTL_FAST_MATH = YES;
				ONLY_ACTIVE_ARCH = YES;
				SDKROOT = iphoneos;
				SWIFT_ACTIVE_COMPILATION_CONDITIONS = "DEBUG $(inherited)";
				SWIFT_OPTIMIZATION_LEVEL = "-Onone";
			};
			name = Debug;
		};
		C19141152B41A2C7009BD99E /* Release */ = {
			isa = XCBuildConfiguration;
			buildSettings = {
				ALWAYS_SEARCH_USER_PATHS = NO;
				ASSETCATALOG_COMPILER_GENERATE_SWIFT_ASSET_SYMBOL_EXTENSIONS = YES;
				CLANG_ANALYZER_NONNULL = YES;
				CLANG_ANALYZER_NUMBER_OBJECT_CONVERSION = YES_AGGRESSIVE;
				CLANG_CXX_LANGUAGE_STANDARD = "gnu++20";
				CLANG_ENABLE_MODULES = YES;
				CLANG_ENABLE_OBJC_ARC = YES;
				CLANG_ENABLE_OBJC_WEAK = YES;
				CLANG_WARN_BLOCK_CAPTURE_AUTORELEASING = YES;
				CLANG_WARN_BOOL_CONVERSION = YES;
				CLANG_WARN_COMMA = YES;
				CLANG_WARN_CONSTANT_CONVERSION = YES;
				CLANG_WARN_DEPRECATED_OBJC_IMPLEMENTATIONS = YES;
				CLANG_WARN_DIRECT_OBJC_ISA_USAGE = YES_ERROR;
				CLANG_WARN_DOCUMENTATION_COMMENTS = YES;
				CLANG_WARN_EMPTY_BODY = YES;
				CLANG_WARN_ENUM_CONVERSION = YES;
				CLANG_WARN_INFINITE_RECURSION = YES;
				CLANG_WARN_INT_CONVERSION = YES;
				CLANG_WARN_NON_LITERAL_NULL_CONVERSION = YES;
				CLANG_WARN_OBJC_IMPLICIT_RETAIN_SELF = YES;
				CLANG_WARN_OBJC_LITERAL_CONVERSION = YES;
				CLANG_WARN_OBJC_ROOT_CLASS = YES_ERROR;
				CLANG_WARN_QUOTED_INCLUDE_IN_FRAMEWORK_HEADER = YES;
				CLANG_WARN_RANGE_LOOP_ANALYSIS = YES;
				CLANG_WARN_STRICT_PROTOTYPES = YES;
				CLANG_WARN_SUSPICIOUS_MOVE = YES;
				CLANG_WARN_UNGUARDED_AVAILABILITY = YES_AGGRESSIVE;
				CLANG_WARN_UNREACHABLE_CODE = YES;
				CLANG_WARN__DUPLICATE_METHOD_MATCH = YES;
				COPY_PHASE_STRIP = NO;
				DEBUG_INFORMATION_FORMAT = "dwarf-with-dsym";
				ENABLE_NS_ASSERTIONS = NO;
				ENABLE_STRICT_OBJC_MSGSEND = YES;
				ENABLE_USER_SCRIPT_SANDBOXING = NO;
				GCC_C_LANGUAGE_STANDARD = gnu17;
				GCC_NO_COMMON_BLOCKS = YES;
				GCC_WARN_64_TO_32_BIT_CONVERSION = YES;
				GCC_WARN_ABOUT_RETURN_TYPE = YES_ERROR;
				GCC_WARN_UNDECLARED_SELECTOR = YES;
				GCC_WARN_UNINITIALIZED_AUTOS = YES_AGGRESSIVE;
				GCC_WARN_UNUSED_FUNCTION = YES;
				GCC_WARN_UNUSED_VARIABLE = YES;
				IPHONEOS_DEPLOYMENT_TARGET = 17.2;
				LOCALIZATION_PREFERS_STRING_CATALOGS = YES;
				MTL_ENABLE_DEBUG_INFO = NO;
				MTL_FAST_MATH = YES;
				SDKROOT = iphoneos;
				SWIFT_COMPILATION_MODE = wholemodule;
				VALIDATE_PRODUCT = YES;
			};
			name = Release;
		};
		C19141172B41A2C7009BD99E /* Debug */ = {
			isa = XCBuildConfiguration;
			baseConfigurationReference = 3104C20B98B5906B763E1008 /* Pods-GameListingApp.debug.xcconfig */;
			buildSettings = {
				ASSETCATALOG_COMPILER_APPICON_NAME = AppIcon;
				ASSETCATALOG_COMPILER_GLOBAL_ACCENT_COLOR_NAME = AccentColor;
				CODE_SIGN_STYLE = Automatic;
				CURRENT_PROJECT_VERSION = 1;
				DEVELOPMENT_TEAM = NX5WVK23N8;
				GENERATE_INFOPLIST_FILE = YES;
				INFOPLIST_FILE = GameListingApp/Info.plist;
				INFOPLIST_KEY_UIApplicationSupportsIndirectInputEvents = YES;
				INFOPLIST_KEY_UILaunchStoryboardName = LaunchScreen;
				INFOPLIST_KEY_UISupportedInterfaceOrientations_iPad = "UIInterfaceOrientationPortrait UIInterfaceOrientationPortraitUpsideDown UIInterfaceOrientationLandscapeLeft UIInterfaceOrientationLandscapeRight";
				INFOPLIST_KEY_UISupportedInterfaceOrientations_iPhone = "UIInterfaceOrientationPortrait UIInterfaceOrientationLandscapeLeft UIInterfaceOrientationLandscapeRight";
				LD_RUNPATH_SEARCH_PATHS = (
					"$(inherited)",
					"@executable_path/Frameworks",
				);
				MARKETING_VERSION = 1.0;
				PRODUCT_BUNDLE_IDENTIFIER = com.yigithansonmez.GameListingApp;
				PRODUCT_NAME = "$(TARGET_NAME)";
				SWIFT_EMIT_LOC_STRINGS = YES;
				SWIFT_VERSION = 5.0;
				TARGETED_DEVICE_FAMILY = "1,2";
			};
			name = Debug;
		};
		C19141182B41A2C7009BD99E /* Release */ = {
			isa = XCBuildConfiguration;
			baseConfigurationReference = 5F600FEF3073B23649FF9DE2 /* Pods-GameListingApp.release.xcconfig */;
			buildSettings = {
				ASSETCATALOG_COMPILER_APPICON_NAME = AppIcon;
				ASSETCATALOG_COMPILER_GLOBAL_ACCENT_COLOR_NAME = AccentColor;
				CODE_SIGN_STYLE = Automatic;
				CURRENT_PROJECT_VERSION = 1;
				DEVELOPMENT_TEAM = NX5WVK23N8;
				GENERATE_INFOPLIST_FILE = YES;
				INFOPLIST_FILE = GameListingApp/Info.plist;
				INFOPLIST_KEY_UIApplicationSupportsIndirectInputEvents = YES;
				INFOPLIST_KEY_UILaunchStoryboardName = LaunchScreen;
				INFOPLIST_KEY_UISupportedInterfaceOrientations_iPad = "UIInterfaceOrientationPortrait UIInterfaceOrientationPortraitUpsideDown UIInterfaceOrientationLandscapeLeft UIInterfaceOrientationLandscapeRight";
				INFOPLIST_KEY_UISupportedInterfaceOrientations_iPhone = "UIInterfaceOrientationPortrait UIInterfaceOrientationLandscapeLeft UIInterfaceOrientationLandscapeRight";
				LD_RUNPATH_SEARCH_PATHS = (
					"$(inherited)",
					"@executable_path/Frameworks",
				);
				MARKETING_VERSION = 1.0;
				PRODUCT_BUNDLE_IDENTIFIER = com.yigithansonmez.GameListingApp;
				PRODUCT_NAME = "$(TARGET_NAME)";
				SWIFT_EMIT_LOC_STRINGS = YES;
				SWIFT_VERSION = 5.0;
				TARGETED_DEVICE_FAMILY = "1,2";
			};
			name = Release;
		};
/* End XCBuildConfiguration section */

/* Begin XCConfigurationList section */
		C19140FD2B41A2C5009BD99E /* Build configuration list for PBXProject "GameListingApp" */ = {
			isa = XCConfigurationList;
			buildConfigurations = (
				C19141142B41A2C7009BD99E /* Debug */,
				C19141152B41A2C7009BD99E /* Release */,
			);
			defaultConfigurationIsVisible = 0;
			defaultConfigurationName = Release;
		};
		C19141162B41A2C7009BD99E /* Build configuration list for PBXNativeTarget "GameListingApp" */ = {
			isa = XCConfigurationList;
			buildConfigurations = (
				C19141172B41A2C7009BD99E /* Debug */,
				C19141182B41A2C7009BD99E /* Release */,
			);
			defaultConfigurationIsVisible = 0;
			defaultConfigurationName = Release;
		};
/* End XCConfigurationList section */

/* Begin XCVersionGroup section */
		C14597482B503F13003D0262 /* Model.xcdatamodeld */ = {
			isa = XCVersionGroup;
			children = (
				C14597492B503F13003D0262 /* Model.xcdatamodel */,
			);
			currentVersion = C14597492B503F13003D0262 /* Model.xcdatamodel */;
			path = Model.xcdatamodeld;
			sourceTree = "<group>";
			versionGroupType = wrapper.xcdatamodel;
		};
/* End XCVersionGroup section */
	};
	rootObject = C19140FA2B41A2C5009BD99E /* Project object */;
}
